
Microsoft Visual Studio Solution File, Format Version 12.00
# Visual Studio Version 17
VisualStudioVersion = 17.4.33110.190
MinimumVisualStudioVersion = 10.0.40219.1
Project("{9A19103F-16F7-4668-BE54-9A1E7A4F7556}") = "demoapi", "demoapi\demoapi.csproj", "{B568B076-3380-4CB1-8B07-F53571768005}"
EndProject
Project("{FAE04EC0-301F-11D3-BF4B-00C04F79EFBC}") = "demoapiconsume", "demoapiconsume\demoapiconsume.csproj", "{8ED85AF1-FBA3-4B9A-8039-893A4524AD52}"
EndProject
Global
	GlobalSection(SolutionConfigurationPlatforms) = preSolution
		Debug|Any CPU = Debug|Any CPU
		Release|Any CPU = Release|Any CPU
	EndGlobalSection
	GlobalSection(ProjectConfigurationPlatforms) = postSolution
		{B568B076-3380-4CB1-8B07-F53571768005}.Debug|Any CPU.ActiveCfg = Debug|Any CPU
		{B568B076-3380-4CB1-8B07-F53571768005}.Debug|Any CPU.Build.0 = Debug|Any CPU
		{B568B076-3380-4CB1-8B07-F53571768005}.Release|Any CPU.ActiveCfg = Release|Any CPU
		{B568B076-3380-4CB1-8B07-F53571768005}.Release|Any CPU.Build.0 = Release|Any CPU
		{8ED85AF1-FBA3-4B9A-8039-893A4524AD52}.Debug|Any CPU.ActiveCfg = Debug|Any CPU
		{8ED85AF1-FBA3-4B9A-8039-893A4524AD52}.Debug|Any CPU.Build.0 = Debug|Any CPU
		{8ED85AF1-FBA3-4B9A-8039-893A4524AD52}.Release|Any CPU.ActiveCfg = Release|Any CPU
		{8ED85AF1-FBA3-4B9A-8039-893A4524AD52}.Release|Any CPU.Build.0 = Release|Any CPU
	EndGlobalSection
	GlobalSection(SolutionProperties) = preSolution
		HideSolutionNode = FALSE
	EndGlobalSection
	GlobalSection(ExtensibilityGlobals) = postSolution
		SolutionGuid = {A0825F7B-D04D-4DF5-921E-163ADED35B46}
	EndGlobalSection
EndGlobal
